// !$*UTF8*$!
{
	archiveVersion = 1;
	classes = {
	};
	objectVersion = 46;
	objects = {

/* Begin PBXBuildFile section */
		989DBF3A1E8C8E94005843E3 /* AppDelegate.swift in Sources */ = {isa = PBXBuildFile; fileRef = 989DBF391E8C8E94005843E3 /* AppDelegate.swift */; };
		989DBF3C1E8C8E94005843E3 /* ViewController.swift in Sources */ = {isa = PBXBuildFile; fileRef = 989DBF3B1E8C8E94005843E3 /* ViewController.swift */; };
		989DBF3F1E8C8E94005843E3 /* Main.storyboard in Resources */ = {isa = PBXBuildFile; fileRef = 989DBF3D1E8C8E94005843E3 /* Main.storyboard */; };
		989DBF411E8C8E94005843E3 /* Assets.xcassets in Resources */ = {isa = PBXBuildFile; fileRef = 989DBF401E8C8E94005843E3 /* Assets.xcassets */; };
		989DBF441E8C8E94005843E3 /* LaunchScreen.storyboard in Resources */ = {isa = PBXBuildFile; fileRef = 989DBF421E8C8E94005843E3 /* LaunchScreen.storyboard */; };
		989DBF4F1E8C8E95005843E3 /* plannerTests.swift in Sources */ = {isa = PBXBuildFile; fileRef = 989DBF4E1E8C8E95005843E3 /* plannerTests.swift */; };
		989DBF5A1E8C8E95005843E3 /* plannerUITests.swift in Sources */ = {isa = PBXBuildFile; fileRef = 989DBF591E8C8E95005843E3 /* plannerUITests.swift */; };
/* End PBXBuildFile section */

/* Begin PBXContainerItemProxy section */
		989DBF4B1E8C8E95005843E3 /* PBXContainerItemProxy */ = {
			isa = PBXContainerItemProxy;
			containerPortal = 989DBF2E1E8C8E94005843E3 /* Project object */;
			proxyType = 1;
			remoteGlobalIDString = 989DBF351E8C8E94005843E3;
			remoteInfo = planner;
		};
		989DBF561E8C8E95005843E3 /* PBXContainerItemProxy */ = {
			isa = PBXContainerItemProxy;
			containerPortal = 989DBF2E1E8C8E94005843E3 /* Project object */;
			proxyType = 1;
			remoteGlobalIDString = 989DBF351E8C8E94005843E3;
			remoteInfo = planner;
		};
/* End PBXContainerItemProxy section */

/* Begin PBXFileReference section */
		989DBF361E8C8E94005843E3 /* planner.app */ = {isa = PBXFileReference; explicitFileType = wrapper.application; includeInIndex = 0; path = planner.app; sourceTree = BUILT_PRODUCTS_DIR; };
		989DBF391E8C8E94005843E3 /* AppDelegate.swift */ = {isa = PBXFileReference; lastKnownFileType = sourcecode.swift; path = AppDelegate.swift; sourceTree = "<group>"; };
		989DBF3B1E8C8E94005843E3 /* ViewController.swift */ = {isa = PBXFileReference; lastKnownFileType = sourcecode.swift; path = ViewController.swift; sourceTree = "<group>"; };
		989DBF3E1E8C8E94005843E3 /* Base */ = {isa = PBXFileReference; lastKnownFileType = file.storyboard; name = Base; path = Base.lproj/Main.storyboard; sourceTree = "<group>"; };
		989DBF401E8C8E94005843E3 /* Assets.xcassets */ = {isa = PBXFileReference; lastKnownFileType = folder.assetcatalog; path = Assets.xcassets; sourceTree = "<group>"; };
		989DBF431E8C8E94005843E3 /* Base */ = {isa = PBXFileReference; lastKnownFileType = file.storyboard; name = Base; path = Base.lproj/LaunchScreen.storyboard; sourceTree = "<group>"; };
		989DBF451E8C8E94005843E3 /* Info.plist */ = {isa = PBXFileReference; lastKnownFileType = text.plist.xml; path = Info.plist; sourceTree = "<group>"; };
		989DBF4A1E8C8E95005843E3 /* plannerTests.xctest */ = {isa = PBXFileReference; explicitFileType = wrapper.cfbundle; includeInIndex = 0; path = plannerTests.xctest; sourceTree = BUILT_PRODUCTS_DIR; };
		989DBF4E1E8C8E95005843E3 /* plannerTests.swift */ = {isa = PBXFileReference; lastKnownFileType = sourcecode.swift; path = plannerTests.swift; sourceTree = "<group>"; };
		989DBF501E8C8E95005843E3 /* Info.plist */ = {isa = PBXFileReference; lastKnownFileType = text.plist.xml; path = Info.plist; sourceTree = "<group>"; };
		989DBF551E8C8E95005843E3 /* plannerUITests.xctest */ = {isa = PBXFileReference; explicitFileType = wrapper.cfbundle; includeInIndex = 0; path = plannerUITests.xctest; sourceTree = BUILT_PRODUCTS_DIR; };
		989DBF591E8C8E95005843E3 /* plannerUITests.swift */ = {isa = PBXFileReference; lastKnownFileType = sourcecode.swift; path = plannerUITests.swift; sourceTree = "<group>"; };
		989DBF5B1E8C8E95005843E3 /* Info.plist */ = {isa = PBXFileReference; lastKnownFileType = text.plist.xml; path = Info.plist; sourceTree = "<group>"; };
/* End PBXFileReference section */

/* Begin PBXFrameworksBuildPhase section */
		989DBF331E8C8E94005843E3 /* Frameworks */ = {
			isa = PBXFrameworksBuildPhase;
			buildActionMask = 2147483647;
			files = (
			);
			runOnlyForDeploymentPostprocessing = 0;
		};
		989DBF471E8C8E95005843E3 /* Frameworks */ = {
			isa = PBXFrameworksBuildPhase;
			buildActionMask = 2147483647;
			files = (
			);
			runOnlyForDeploymentPostprocessing = 0;
		};
		989DBF521E8C8E95005843E3 /* Frameworks */ = {
			isa = PBXFrameworksBuildPhase;
			buildActionMask = 2147483647;
			files = (
			);
			runOnlyForDeploymentPostprocessing = 0;
		};
/* End PBXFrameworksBuildPhase section */

/* Begin PBXGroup section */
		989DBF2D1E8C8E94005843E3 = {
			isa = PBXGroup;
			children = (
				989DBF381E8C8E94005843E3 /* planner */,
				989DBF4D1E8C8E95005843E3 /* plannerTests */,
				989DBF581E8C8E95005843E3 /* plannerUITests */,
				989DBF371E8C8E94005843E3 /* Products */,
			);
			sourceTree = "<group>";
		};
		989DBF371E8C8E94005843E3 /* Products */ = {
			isa = PBXGroup;
			children = (
				989DBF361E8C8E94005843E3 /* planner.app */,
				989DBF4A1E8C8E95005843E3 /* plannerTests.xctest */,
				989DBF551E8C8E95005843E3 /* plannerUITests.xctest */,
			);
			name = Products;
			sourceTree = "<group>";
		};
		989DBF381E8C8E94005843E3 /* planner */ = {
			isa = PBXGroup;
			children = (
				989DBF391E8C8E94005843E3 /* AppDelegate.swift */,
				989DBF3B1E8C8E94005843E3 /* ViewController.swift */,
				989DBF3D1E8C8E94005843E3 /* Main.storyboard */,
				989DBF401E8C8E94005843E3 /* Assets.xcassets */,
				989DBF421E8C8E94005843E3 /* LaunchScreen.storyboard */,
				989DBF451E8C8E94005843E3 /* Info.plist */,
			);
			path = planner;
			sourceTree = "<group>";
		};
		989DBF4D1E8C8E95005843E3 /* plannerTests */ = {
			isa = PBXGroup;
			children = (
				989DBF4E1E8C8E95005843E3 /* plannerTests.swift */,
				989DBF501E8C8E95005843E3 /* Info.plist */,
			);
			path = plannerTests;
			sourceTree = "<group>";
		};
		989DBF581E8C8E95005843E3 /* plannerUITests */ = {
			isa = PBXGroup;
			children = (
				989DBF591E8C8E95005843E3 /* plannerUITests.swift */,
				989DBF5B1E8C8E95005843E3 /* Info.plist */,
			);
			path = plannerUITests;
			sourceTree = "<group>";
		};
/* End PBXGroup section */

/* Begin PBXNativeTarget section */
		989DBF351E8C8E94005843E3 /* planner */ = {
			isa = PBXNativeTarget;
			buildConfigurationList = 989DBF5E1E8C8E95005843E3 /* Build configuration list for PBXNativeTarget "planner" */;
			buildPhases = (
				989DBF321E8C8E94005843E3 /* Sources */,
				989DBF331E8C8E94005843E3 /* Frameworks */,
				989DBF341E8C8E94005843E3 /* Resources */,
			);
			buildRules = (
			);
			dependencies = (
			);
			name = planner;
			productName = planner;
			productReference = 989DBF361E8C8E94005843E3 /* planner.app */;
			productType = "com.apple.product-type.application";
		};
		989DBF491E8C8E95005843E3 /* plannerTests */ = {
			isa = PBXNativeTarget;
			buildConfigurationList = 989DBF611E8C8E95005843E3 /* Build configuration list for PBXNativeTarget "plannerTests" */;
			buildPhases = (
				989DBF461E8C8E95005843E3 /* Sources */,
				989DBF471E8C8E95005843E3 /* Frameworks */,
				989DBF481E8C8E95005843E3 /* Resources */,
			);
			buildRules = (
			);
			dependencies = (
				989DBF4C1E8C8E95005843E3 /* PBXTargetDependency */,
			);
			name = plannerTests;
			productName = plannerTests;
			productReference = 989DBF4A1E8C8E95005843E3 /* plannerTests.xctest */;
			productType = "com.apple.product-type.bundle.unit-test";
		};
		989DBF541E8C8E95005843E3 /* plannerUITests */ = {
			isa = PBXNativeTarget;
			buildConfigurationList = 989DBF641E8C8E95005843E3 /* Build configuration list for PBXNativeTarget "plannerUITests" */;
			buildPhases = (
				989DBF511E8C8E95005843E3 /* Sources */,
				989DBF521E8C8E95005843E3 /* Frameworks */,
				989DBF531E8C8E95005843E3 /* Resources */,
			);
			buildRules = (
			);
			dependencies = (
				989DBF571E8C8E95005843E3 /* PBXTargetDependency */,
			);
			name = plannerUITests;
			productName = plannerUITests;
			productReference = 989DBF551E8C8E95005843E3 /* plannerUITests.xctest */;
			productType = "com.apple.product-type.bundle.ui-testing";
		};
/* End PBXNativeTarget section */

/* Begin PBXProject section */
		989DBF2E1E8C8E94005843E3 /* Project object */ = {
			isa = PBXProject;
			attributes = {
				LastSwiftUpdateCheck = 0730;
				LastUpgradeCheck = 0730;
				ORGANIZATIONNAME = "Chen Shu";
				TargetAttributes = {
					989DBF351E8C8E94005843E3 = {
						CreatedOnToolsVersion = 7.3.1;
						DevelopmentTeam = 3C4Y2A7R8T;
					};
					989DBF491E8C8E95005843E3 = {
						CreatedOnToolsVersion = 7.3.1;
						DevelopmentTeam = 3C4Y2A7R8T;
						TestTargetID = 989DBF351E8C8E94005843E3;
					};
					989DBF541E8C8E95005843E3 = {
						CreatedOnToolsVersion = 7.3.1;
						DevelopmentTeam = 3C4Y2A7R8T;
						TestTargetID = 989DBF351E8C8E94005843E3;
					};
				};
			};
			buildConfigurationList = 989DBF311E8C8E94005843E3 /* Build configuration list for PBXProject "planner" */;
			compatibilityVersion = "Xcode 3.2";
			developmentRegion = English;
			hasScannedForEncodings = 0;
			knownRegions = (
				en,
				Base,
			);
			mainGroup = 989DBF2D1E8C8E94005843E3;
			productRefGroup = 989DBF371E8C8E94005843E3 /* Products */;
			projectDirPath = "";
			projectRoot = "";
			targets = (
				989DBF351E8C8E94005843E3 /* planner */,
				989DBF491E8C8E95005843E3 /* plannerTests */,
				989DBF541E8C8E95005843E3 /* plannerUITests */,
			);
		};
/* End PBXProject section */

/* Begin PBXResourcesBuildPhase section */
		989DBF341E8C8E94005843E3 /* Resources */ = {
			isa = PBXResourcesBuildPhase;
			buildActionMask = 2147483647;
			files = (
				989DBF441E8C8E94005843E3 /* LaunchScreen.storyboard in Resources */,
				989DBF411E8C8E94005843E3 /* Assets.xcassets in Resources */,
				989DBF3F1E8C8E94005843E3 /* Main.storyboard in Resources */,
			);
			runOnlyForDeploymentPostprocessing = 0;
		};
		989DBF481E8C8E95005843E3 /* Resources */ = {
			isa = PBXResourcesBuildPhase;
			buildActionMask = 2147483647;
			files = (
			);
			runOnlyForDeploymentPostprocessing = 0;
		};
		989DBF531E8C8E95005843E3 /* Resources */ = {
			isa = PBXResourcesBuildPhase;
			buildActionMask = 2147483647;
			files = (
			);
			runOnlyForDeploymentPostprocessing = 0;
		};
/* End PBXResourcesBuildPhase section */

/* Begin PBXSourcesBuildPhase section */
		989DBF321E8C8E94005843E3 /* Sources */ = {
			isa = PBXSourcesBuildPhase;
			buildActionMask = 2147483647;
			files = (
				989DBF3C1E8C8E94005843E3 /* ViewController.swift in Sources */,
				989DBF3A1E8C8E94005843E3 /* AppDelegate.swift in Sources */,
			);
			runOnlyForDeploymentPostprocessing = 0;
		};
		989DBF461E8C8E95005843E3 /* Sources */ = {
			isa = PBXSourcesBuildPhase;
			buildActionMask = 2147483647;
			files = (
				989DBF4F1E8C8E95005843E3 /* plannerTests.swift in Sources */,
			);
			runOnlyForDeploymentPostprocessing = 0;
		};
		989DBF511E8C8E95005843E3 /* Sources */ = {
			isa = PBXSourcesBuildPhase;
			buildActionMask = 2147483647;
			files = (
				989DBF5A1E8C8E95005843E3 /* plannerUITests.swift in Sources */,
			);
			runOnlyForDeploymentPostprocessing = 0;
		};
/* End PBXSourcesBuildPhase section */

/* Begin PBXTargetDependency section */
		989DBF4C1E8C8E95005843E3 /* PBXTargetDependency */ = {
			isa = PBXTargetDependency;
			target = 989DBF351E8C8E94005843E3 /* planner */;
			targetProxy = 989DBF4B1E8C8E95005843E3 /* PBXContainerItemProxy */;
		};
		989DBF571E8C8E95005843E3 /* PBXTargetDependency */ = {
			isa = PBXTargetDependency;
			target = 989DBF351E8C8E94005843E3 /* planner */;
			targetProxy = 989DBF561E8C8E95005843E3 /* PBXContainerItemProxy */;
		};
/* End PBXTargetDependency section */

/* Begin PBXVariantGroup section */
		989DBF3D1E8C8E94005843E3 /* Main.storyboard */ = {
			isa = PBXVariantGroup;
			children = (
				989DBF3E1E8C8E94005843E3 /* Base */,
			);
			name = Main.storyboard;
			sourceTree = "<group>";
		};
		989DBF421E8C8E94005843E3 /* LaunchScreen.storyboard */ = {
			isa = PBXVariantGroup;
			children = (
				989DBF431E8C8E94005843E3 /* Base */,
			);
			name = LaunchScreen.storyboard;
			sourceTree = "<group>";
		};
/* End PBXVariantGroup section */

/* Begin XCBuildConfiguration section */
		989DBF5C1E8C8E95005843E3 /* Debug */ = {
			isa = XCBuildConfiguration;
			buildSettings = {
				ALWAYS_SEARCH_USER_PATHS = NO;
				CLANG_ANALYZER_NONNULL = YES;
				CLANG_CXX_LANGUAGE_STANDARD = "gnu++0x";
				CLANG_CXX_LIBRARY = "libc++";
				CLANG_ENABLE_MODULES = YES;
				CLANG_ENABLE_OBJC_ARC = YES;
				CLANG_WARN_BOOL_CONVERSION = YES;
				CLANG_WARN_CONSTANT_CONVERSION = YES;
				CLANG_WARN_DIRECT_OBJC_ISA_USAGE = YES_ERROR;
				CLANG_WARN_EMPTY_BODY = YES;
				CLANG_WARN_ENUM_CONVERSION = YES;
				CLANG_WARN_INT_CONVERSION = YES;
				CLANG_WARN_OBJC_ROOT_CLASS = YES_ERROR;
				CLANG_WARN_UNREACHABLE_CODE = YES;
				CLANG_WARN__DUPLICATE_METHOD_MATCH = YES;
				"CODE_SIGN_IDENTITY[sdk=iphoneos*]" = "iPhone Developer";
				COPY_PHASE_STRIP = NO;
				DEBUG_INFORMATION_FORMAT = dwarf;
				ENABLE_STRICT_OBJC_MSGSEND = YES;
				ENABLE_TESTABILITY = YES;
				GCC_C_LANGUAGE_STANDARD = gnu99;
				GCC_DYNAMIC_NO_PIC = NO;
				GCC_NO_COMMON_BLOCKS = YES;
				GCC_OPTIMIZATION_LEVEL = 0;
				GCC_PREPROCESSOR_DEFINITIONS = (
					"DEBUG=1",
					"$(inherited)",
				);
				GCC_WARN_64_TO_32_BIT_CONVERSION = YES;
				GCC_WARN_ABOUT_RETURN_TYPE = YES_ERROR;
				GCC_WARN_UNDECLARED_SELECTOR = YES;
				GCC_WARN_UNINITIALIZED_AUTOS = YES_AGGRESSIVE;
				GCC_WARN_UNUSED_FUNCTION = YES;
				GCC_WARN_UNUSED_VARIABLE = YES;
				IPHONEOS_DEPLOYMENT_TARGET = 9.3;
				MTL_ENABLE_DEBUG_INFO = YES;
				ONLY_ACTIVE_ARCH = YES;
				SDKROOT = iphoneos;
				SWIFT_OPTIMIZATION_LEVEL = "-Onone";
			};
			name = Debug;
		};
		989DBF5D1E8C8E95005843E3 /* Release */ = {
			isa = XCBuildConfiguration;
			buildSettings = {
				ALWAYS_SEARCH_USER_PATHS = NO;
				CLANG_ANALYZER_NONNULL = YES;
				CLANG_CXX_LANGUAGE_STANDARD = "gnu++0x";
				CLANG_CXX_LIBRARY = "libc++";
				CLANG_ENABLE_MODULES = YES;
				CLANG_ENABLE_OBJC_ARC = YES;
				CLANG_WARN_BOOL_CONVERSION = YES;
				CLANG_WARN_CONSTANT_CONVERSION = YES;
				CLANG_WARN_DIRECT_OBJC_ISA_USAGE = YES_ERROR;
				CLANG_WARN_EMPTY_BODY = YES;
				CLANG_WARN_ENUM_CONVERSION = YES;
				CLANG_WARN_INT_CONVERSION = YES;
				CLANG_WARN_OBJC_ROOT_CLASS = YES_ERROR;
				CLANG_WARN_UNREACHABLE_CODE = YES;
				CLANG_WARN__DUPLICATE_METHOD_MATCH = YES;
				"CODE_SIGN_IDENTITY[sdk=iphoneos*]" = "iPhone Developer";
				COPY_PHASE_STRIP = NO;
				DEBUG_INFORMATION_FORMAT = "dwarf-with-dsym";
				ENABLE_NS_ASSERTIONS = NO;
				ENABLE_STRICT_OBJC_MSGSEND = YES;
				GCC_C_LANGUAGE_STANDARD = gnu99;
				GCC_NO_COMMON_BLOCKS = YES;
				GCC_WARN_64_TO_32_BIT_CONVERSION = YES;
				GCC_WARN_ABOUT_RETURN_TYPE = YES_ERROR;
				GCC_WARN_UNDECLARED_SELECTOR = YES;
				GCC_WARN_UNINITIALIZED_AUTOS = YES_AGGRESSIVE;
				GCC_WARN_UNUSED_FUNCTION = YES;
				GCC_WARN_UNUSED_VARIABLE = YES;
				IPHONEOS_DEPLOYMENT_TARGET = 9.3;
				MTL_ENABLE_DEBUG_INFO = NO;
				SDKROOT = iphoneos;
				VALIDATE_PRODUCT = YES;
			};
			name = Release;
		};
		989DBF5F1E8C8E95005843E3 /* Debug */ = {
			isa = XCBuildConfiguration;
			buildSettings = {
				ASSETCATALOG_COMPILER_APPICON_NAME = AppIcon;
				INFOPLIST_FILE = planner/Info.plist;
				LD_RUNPATH_SEARCH_PATHS = "$(inherited) @executable_path/Frameworks";
				PRODUCT_BUNDLE_IDENTIFIER = people.planner;
				PRODUCT_NAME = "$(TARGET_NAME)";
			};
			name = Debug;
		};
		989DBF601E8C8E95005843E3 /* Release */ = {
			isa = XCBuildConfiguration;
			buildSettings = {
				ASSETCATALOG_COMPILER_APPICON_NAME = AppIcon;
				INFOPLIST_FILE = planner/Info.plist;
				LD_RUNPATH_SEARCH_PATHS = "$(inherited) @executable_path/Frameworks";
				PRODUCT_BUNDLE_IDENTIFIER = people.planner;
				PRODUCT_NAME = "$(TARGET_NAME)";
			};
			name = Release;
		};
		989DBF621E8C8E95005843E3 /* Debug */ = {
			isa = XCBuildConfiguration;
			buildSettings = {
				BUNDLE_LOADER = "$(TEST_HOST)";
				INFOPLIST_FILE = plannerTests/Info.plist;
				LD_RUNPATH_SEARCH_PATHS = "$(inherited) @executable_path/Frameworks @loader_path/Frameworks";
				PRODUCT_BUNDLE_IDENTIFIER = people.plannerTests;
				PRODUCT_NAME = "$(TARGET_NAME)";
				TEST_HOST = "$(BUILT_PRODUCTS_DIR)/planner.app/planner";
			};
			name = Debug;
		};
		989DBF631E8C8E95005843E3 /* Release */ = {
			isa = XCBuildConfiguration;
			buildSettings = {
				BUNDLE_LOADER = "$(TEST_HOST)";
				INFOPLIST_FILE = plannerTests/Info.plist;
				LD_RUNPATH_SEARCH_PATHS = "$(inherited) @executable_path/Frameworks @loader_path/Frameworks";
				PRODUCT_BUNDLE_IDENTIFIER = people.plannerTests;
				PRODUCT_NAME = "$(TARGET_NAME)";
				TEST_HOST = "$(BUILT_PRODUCTS_DIR)/planner.app/planner";
			};
			name = Release;
		};
		989DBF651E8C8E95005843E3 /* Debug */ = {
			isa = XCBuildConfiguration;
			buildSettings = {
				INFOPLIST_FILE = plannerUITests/Info.plist;
				LD_RUNPATH_SEARCH_PATHS = "$(inherited) @executable_path/Frameworks @loader_path/Frameworks";
				PRODUCT_BUNDLE_IDENTIFIER = people.plannerUITests;
				PRODUCT_NAME = "$(TARGET_NAME)";
				TEST_TARGET_NAME = planner;
			};
			name = Debug;
		};
		989DBF661E8C8E95005843E3 /* Release */ = {
			isa = XCBuildConfiguration;
			buildSettings = {
				INFOPLIST_FILE = plannerUITests/Info.plist;
				LD_RUNPATH_SEARCH_PATHS = "$(inherited) @executable_path/Frameworks @loader_path/Frameworks";
				PRODUCT_BUNDLE_IDENTIFIER = people.plannerUITests;
				PRODUCT_NAME = "$(TARGET_NAME)";
				TEST_TARGET_NAME = planner;
			};
			name = Release;
		};
/* End XCBuildConfiguration section */

/* Begin XCConfigurationList section */
		989DBF311E8C8E94005843E3 /* Build configuration list for PBXProject "planner" */ = {
			isa = XCConfigurationList;
			buildConfigurations = (
				989DBF5C1E8C8E95005843E3 /* Debug */,
				989DBF5D1E8C8E95005843E3 /* Release */,
			);
			defaultConfigurationIsVisible = 0;
			defaultConfigurationName = Release;
		};
		989DBF5E1E8C8E95005843E3 /* Build configuration list for PBXNativeTarget "planner" */ = {
			isa = XCConfigurationList;
			buildConfigurations = (
				989DBF5F1E8C8E95005843E3 /* Debug */,
				989DBF601E8C8E95005843E3 /* Release */,
			);
			defaultConfigurationIsVisible = 0;
		};
		989DBF611E8C8E95005843E3 /* Build configuration list for PBXNativeTarget "plannerTests" */ = {
			isa = XCConfigurationList;
			buildConfigurations = (
				989DBF621E8C8E95005843E3 /* Debug */,
				989DBF631E8C8E95005843E3 /* Release */,
			);
			defaultConfigurationIsVisible = 0;
		};
		989DBF641E8C8E95005843E3 /* Build configuration list for PBXNativeTarget "plannerUITests" */ = {
			isa = XCConfigurationList;
			buildConfigurations = (
				989DBF651E8C8E95005843E3 /* Debug */,
				989DBF661E8C8E95005843E3 /* Release */,
			);
			defaultConfigurationIsVisible = 0;
		};
/* End XCConfigurationList section */
	};
	rootObject = 989DBF2E1E8C8E94005843E3 /* Project object */;
}
